{
  "pins" : [
    {
      "identity" : "colorizeswift",
      "kind" : "remoteSourceControl",
      "location" : "https://github.com/mtynior/ColorizeSwift",
      "state" : {
        "revision" : "2a354639173d021f4648cf1912b2b00a3a7cd83c",
        "version" : "1.6.0"
      }
    }
  ],
  "version" : 2
}
